<?xml version="1.0" encoding="utf-8"?>
<Project ToolsVersion="4.0" xmlns="http://schemas.microsoft.com/developer/msbuild/2003">
  <ItemGroup>
    <Filter Include="Source Files">
      <UniqueIdentifier>{4FC737F1-C7A5-4376-A066-2A32D752A2FF}</UniqueIdentifier>
      <Extensions>cpp;c;cc;cxx;def;odl;idl;hpj;bat;asm;asmx</Extensions>
    </Filter>
    <Filter Include="Header Files">
      <UniqueIdentifier>{93995380-89BD-4b04-88EB-625FBE52EBFB}</UniqueIdentifier>
      <Extensions>h;hh;hpp;hxx;hm;inl;inc;ipp;xsd</Extensions>
    </Filter>
    <Filter Include="Resource Files">
      <UniqueIdentifier>{67DA6AB6-F800-4c08-8B7A-83BB121AAD01}</UniqueIdentifier>
      <Extensions>rc;ico;cur;bmp;dlg;rc2;rct;bin;rgs;gif;jpg;jpeg;jpe;resx;tiff;tif;png;wav;mfcribbon-ms</Extensions>
    </Filter>
    <Filter Include="Header Files\SpookyIntel">
      <UniqueIdentifier>{0f8ccb21-e145-4222-9288-dbf3f4d67b93}</UniqueIdentifier>
    </Filter>
    <Filter Include="Header Files\Includes">
      <UniqueIdentifier>{a6b3d72b-4d03-4947-939e-30859df2cc9f}</UniqueIdentifier>
    </Filter>
  </ItemGroup>
  <ItemGroup>
    <ClCompile Include="dllmain.cpp">
      <Filter>Source Files</Filter>
    </ClCompile>
    <ClCompile Include="MMMJTAG.cpp">
      <Filter>Source Files</Filter>
    </ClCompile>
    <ClCompile Include="CPUHelpers.cpp">
      <Filter>Source Files</Filter>
    </ClCompile>
    <ClCompile Include="MiscHelpers.cpp">
      <Filter>Source Files</Filter>
    </ClCompile>
    <ClCompile Include="SymHelpers.cpp">
      <Filter>Source Files</Filter>
    </ClCompile>
  </ItemGroup>
  <ItemGroup>
    <ClInclude Include="SpookyIntelStuff\IPC_BitData.hpp">
      <Filter>Header Files\SpookyIntel</Filter>
    </ClInclude>
    <ClInclude Include="SpookyIntelStuff\IPC_Device.hpp">
      <Filter>Header Files\SpookyIntel</Filter>
    </ClInclude>
    <ClInclude Include="SpookyIntelStuff\IPC_Dma.hpp">
      <Filter>Header Files\SpookyIntel</Filter>
    </ClInclude>
    <ClInclude Include="SpookyIntelStuff\IPC_Event.hpp">
      <Filter>Header Files\SpookyIntel</Filter>
    </ClInclude>
    <ClInclude Include="SpookyIntelStuff\IPC_General.hpp">
      <Filter>Header Files\SpookyIntel</Filter>
    </ClInclude>
    <ClInclude Include="SpookyIntelStuff\IPC_InterfacePins.hpp">
      <Filter>Header Files\SpookyIntel</Filter>
    </ClInclude>
    <ClInclude Include="SpookyIntelStuff\IPC_Memory.hpp">
      <Filter>Header Files\SpookyIntel</Filter>
    </ClInclude>
    <ClInclude Include="SpookyIntelStuff\IPC_OperationReceipt.hpp">
      <Filter>Header Files\SpookyIntel</Filter>
    </ClInclude>
    <ClInclude Include="SpookyIntelStuff\IPC_PlatformControl.hpp">
      <Filter>Header Files\SpookyIntel</Filter>
    </ClInclude>
    <ClInclude Include="SpookyIntelStuff\IPC_Register.hpp">
      <Filter>Header Files\SpookyIntel</Filter>
    </ClInclude>
    <ClInclude Include="SpookyIntelStuff\IPC_RunControl.hpp">
      <Filter>Header Files\SpookyIntel</Filter>
    </ClInclude>
    <ClInclude Include="SpookyIntelStuff\IpcApiAccess.hpp">
      <Filter>Header Files\SpookyIntel</Filter>
    </ClInclude>
    <ClInclude Include="Includes\MMMJTAG.h">
      <Filter>Header Files\Includes</Filter>
    </ClInclude>
    <ClInclude Include="HexOut.hpp">
      <Filter>Header Files</Filter>
    </ClInclude>
    <ClInclude Include="MiscHelpers.hpp">
      <Filter>Header Files</Filter>
    </ClInclude>
    <ClInclude Include="CPUHelpers.hpp">
      <Filter>Header Files</Filter>
    </ClInclude>
    <ClInclude Include="SymHelpers.hpp">
      <Filter>Header Files</Filter>
    </ClInclude>
    <ClInclude Include="SpookyIntelStuff\IPC_Break.hpp">
      <Filter>Header Files\SpookyIntel</Filter>
    </ClInclude>
    <ClInclude Include="SpookyIntelStuff\IPC_Breakpoint.hpp">
      <Filter>Header Files\SpookyIntel</Filter>
    </ClInclude>
  </ItemGroup>
</Project>